
Microsoft Visual Studio Solution File, Format Version 12.00
# Visual Studio Version 17
VisualStudioVersion = 17.5.33516.290
MinimumVisualStudioVersion = 10.0.40219.1
Project("{FAE04EC0-301F-11D3-BF4B-00C04F79EFBC}") = "JsonToCSV", "JsonToCSV\JsonToCSV.csproj", "{EA354E59-9046-4F80-93C4-3F78F8DF763E}"
EndProject
Project("{FAE04EC0-301F-11D3-BF4B-00C04F79EFBC}") = "TestsTestCasesProcessor", "TestsTestCasesProcessor\TestsTestCasesProcessor.csproj", "{8992528F-6B01-4D5E-91F4-1DBC085204C0}"
EndProject
Project("{FAE04EC0-301F-11D3-BF4B-00C04F79EFBC}") = "MainProgram", "MainProgram\MainProgram.csproj", "{C0C85F76-2BBF-46FD-B37A-478DCF529BEF}"
EndProject
Global
	GlobalSection(SolutionConfigurationPlatforms) = preSolution
		Debug|Any CPU = Debug|Any CPU
		Release|Any CPU = Release|Any CPU
	EndGlobalSection
	GlobalSection(ProjectConfigurationPlatforms) = postSolution
		{EA354E59-9046-4F80-93C4-3F78F8DF763E}.Debug|Any CPU.ActiveCfg = Debug|Any CPU
		{EA354E59-9046-4F80-93C4-3F78F8DF763E}.Debug|Any CPU.Build.0 = Debug|Any CPU
		{EA354E59-9046-4F80-93C4-3F78F8DF763E}.Release|Any CPU.ActiveCfg = Release|Any CPU
		{EA354E59-9046-4F80-93C4-3F78F8DF763E}.Release|Any CPU.Build.0 = Release|Any CPU
		{8992528F-6B01-4D5E-91F4-1DBC085204C0}.Debug|Any CPU.ActiveCfg = Debug|Any CPU
		{8992528F-6B01-4D5E-91F4-1DBC085204C0}.Debug|Any CPU.Build.0 = Debug|Any CPU
		{8992528F-6B01-4D5E-91F4-1DBC085204C0}.Release|Any CPU.ActiveCfg = Release|Any CPU
		{8992528F-6B01-4D5E-91F4-1DBC085204C0}.Release|Any CPU.Build.0 = Release|Any CPU
		{C0C85F76-2BBF-46FD-B37A-478DCF529BEF}.Debug|Any CPU.ActiveCfg = Debug|Any CPU
		{C0C85F76-2BBF-46FD-B37A-478DCF529BEF}.Debug|Any CPU.Build.0 = Debug|Any CPU
		{C0C85F76-2BBF-46FD-B37A-478DCF529BEF}.Release|Any CPU.ActiveCfg = Release|Any CPU
		{C0C85F76-2BBF-46FD-B37A-478DCF529BEF}.Release|Any CPU.Build.0 = Release|Any CPU
	EndGlobalSection
	GlobalSection(SolutionProperties) = preSolution
		HideSolutionNode = FALSE
	EndGlobalSection
	GlobalSection(ExtensibilityGlobals) = postSolution
		SolutionGuid = {6F6EB904-CC8A-45A9-913E-B3E5543AB240}
	EndGlobalSection
EndGlobal
